{
  "name": "@signalk/zones",
  "version": "1.1.0",
  "lockfileVersion": 3,
  "requires": true,
  "packages": {
    "": {
      "name": "@signalk/zones",
      "version": "1.1.0",
      "license": "ISC",
      "dependencies": {
        "baconjs": "^0.7.88"
      }
    },
    "node_modules/baconjs": {
      "version": "0.7.95",
      "resolved": "https://registry.npmjs.org/baconjs/-/baconjs-0.7.95.tgz",
      "integrity": "sha512-3qp0GuAfEUlJybSVPQ2oai8VYO0aSTJf4wP/jYZpgaffEXi31VBcqSlVmD8ahmXXGzgdO+yFk9onDnt2ZJJXxA=="
    }
  }
}
